
Microsoft Visual Studio Solution File, Format Version 12.00
# Visual Studio Version 16
VisualStudioVersion = 16.0.29709.97
MinimumVisualStudioVersion = 10.0.40219.1
Project("{FAE04EC0-301F-11D3-BF4B-00C04F79EFBC}") = "WebMVCAuth0", "WebMVCAuth0\WebMVCAuth0.csproj", "{7A810AA4-170A-4F92-B091-F836ED58A37E}"
EndProject
Global
	GlobalSection(SolutionConfigurationPlatforms) = preSolution
		Debug|Any CPU = Debug|Any CPU
		Release|Any CPU = Release|Any CPU
	EndGlobalSection
	GlobalSection(ProjectConfigurationPlatforms) = postSolution
		{7A810AA4-170A-4F92-B091-F836ED58A37E}.Debug|Any CPU.ActiveCfg = Debug|Any CPU
		{7A810AA4-170A-4F92-B091-F836ED58A37E}.Debug|Any CPU.Build.0 = Debug|Any CPU
		{7A810AA4-170A-4F92-B091-F836ED58A37E}.Release|Any CPU.ActiveCfg = Release|Any CPU
		{7A810AA4-170A-4F92-B091-F836ED58A37E}.Release|Any CPU.Build.0 = Release|Any CPU
	EndGlobalSection
	GlobalSection(SolutionProperties) = preSolution
		HideSolutionNode = FALSE
	EndGlobalSection
	GlobalSection(ExtensibilityGlobals) = postSolution
		SolutionGuid = {E2912892-B91B-4D36-AD53-98BB4195AC93}
	EndGlobalSection
EndGlobal
